{
  "requires": true,
  "lockfileVersion": 1,
  "dependencies": {
    "@angular/common": {
      "version": "20.1.0",
      "resolved": "https://registry.npmjs.org/@angular/common/-/common-20.1.0.tgz",
      "integrity": "sha512-RsHClHJux+4lXrHdGHVw22wekRbSjYtx6Xwjox2S+IRPP51CbX0KskAALZ9ZmtCttkYSFVtvr0S+SQrU2cu5WA==",
      "requires": {
        "tslib": "^2.3.0"
      }
    },
    "@angular/core": {
      "version": "20.1.0",
      "resolved": "https://registry.npmjs.org/@angular/core/-/core-20.1.0.tgz",
      "integrity": "sha512-/dJooZi+OAACkjWgGMPrOOGikdtlTJXwdeXPJTgZSUD5L8oQMbhZFG0XW/1Hldvsti87wPjZPz67ivB7zR86VA==",
      "requires": {
        "tslib": "^2.3.0"
      }
    },
    "@angular/forms": {
      "version": "20.1.0",
      "resolved": "https://registry.npmjs.org/@angular/forms/-/forms-20.1.0.tgz",
      "integrity": "sha512-NgQxowyyG2yiSOXxtQS1xK1vAQT+4GRoMFuzmS3uBshIifgCgFckSxJHQXhlQOInuv2NsZ1Q0HuCvao+yZfIow==",
      "requires": {
        "tslib": "^2.3.0"
      }
    },
    "@angular/platform-browser": {
      "version": "20.1.0",
      "resolved": "https://registry.npmjs.org/@angular/platform-browser/-/platform-browser-20.1.0.tgz",
      "integrity": "sha512-l3+Ijq5SFxT0v10DbOyMc7NzGdbK76yot2i8pXyArlPSPmpWvbbjXbiBqzrv3TSTrksHBhG3mMvyhTmHQ1cQFA==",
      "requires": {
        "tslib": "^2.3.0"
      }
    },
    "@angular/platform-browser-dynamic": {
      "version": "20.1.0",
      "resolved": "https://registry.npmjs.org/@angular/platform-browser-dynamic/-/platform-browser-dynamic-20.1.0.tgz",
      "integrity": "sha512-s+Rm2akzYTE2UFdXZPvf02TxDCDskGdUxAxa/jmJbVuOpniuY0RlbnxIKDUD0qj3bYMUkbr7f2KJwHVldqJP6w==",
      "requires": {
        "tslib": "^2.3.0"
      }
    },
    "@angular/router": {
      "version": "20.1.0",
      "resolved": "https://registry.npmjs.org/@angular/router/-/router-20.1.0.tgz",
      "integrity": "sha512-fuUX1+AhcVSDgSSx85o6VOtXKM3oXAza+44jQ+nJGf316P0xpLKA586DKRNPjS4sRsWM7otKuOOTXXc4AMUHpQ==",
      "requires": {
        "tslib": "^2.3.0"
      }
    },
    "rxjs": {
      "version": "7.8.2",
      "resolved": "https://registry.npmjs.org/rxjs/-/rxjs-7.8.2.tgz",
      "integrity": "sha512-dhKf903U/PQZY6boNNtAGdWbG85WAbjT/1xYoZIC7FAY0yWapOBQVsVrDl58W86//e1VpMNBtRV4MaXfdMySFA==",
      "requires": {
        "tslib": "^2.1.0"
      }
    },
    "tslib": {
      "version": "2.8.1",
      "resolved": "https://registry.npmjs.org/tslib/-/tslib-2.8.1.tgz",
      "integrity": "sha512-oJFu94HQb+KVduSUQL7wnpmqnfmLsOA/nAh6b6EH0wCEoK0/mPeXU6c3wKDV83MkOuHPRHtSXKKU99IBazS/2w=="
    },
    "zone.js": {
      "version": "0.15.1",
      "resolved": "https://registry.npmjs.org/zone.js/-/zone.js-0.15.1.tgz",
      "integrity": "sha512-XE96n56IQpJM7NAoXswY3XRLcWFW83xe0BiAOeMD7K5k5xecOeul3Qcpx6GqEeeHNkW5DWL5zOyTbEfB4eti8w=="
    }
  }
}
